lockVersion: 2.0.0
id: 47dbe124-c912-4a0e-add0-c2f6f79a46e0
management:
  docChecksum: 5f97cd5dbd27400141e546c8f4fa6a51
  docVersion: 0.0.1
  speakeasyVersion: 1.299.6
  generationVersion: 2.338.12
  releaseVersion: 0.3.6
  configChecksum: 3bcdf2e20837fe855cd935eeded01340
features:
  typescript:
    additionalDependencies: 0.1.0
    constsAndDefaults: 0.1.5
    core: 3.9.11
    devContainers: 2.90.0
    flattening: 2.81.1
    globalSecurity: 2.82.9
    globalSecurityCallbacks: 0.1.0
    globalSecurityFlattening: 0.1.0
    globalServerURLs: 2.82.4
    globals: 2.82.1
    hiddenGlobals: 0.1.0
    nameOverrides: 2.81.2
    nullables: 0.1.0
    responseFormat: 0.2.3
    sdkHooks: 0.1.0
    unions: 2.85.5
generatedFiles:
  - src/sdk/extractstructureddata.ts
  - src/sdk/extractmarkdown.ts
  - src/sdk/extracttables.ts
  - src/sdk/files.ts
  - src/sdk/runs.ts
  - src/sdk/jobs.ts
  - src/sdk/items.ts
  - src/sdk/repeatitems.ts
  - src/sdk/queues.ts
  - src/sdk/run.ts
  - src/sdk/create.ts
  - src/sdk/authsessions.ts
  - src/sdk/project.ts
  - src/sdk/sdk.ts
  - .eslintrc.js
  - .npmignore
  - RUNTIMES.md
  - jsr.json
  - package.json
  - src/index.ts
  - src/lib/base64.ts
  - src/lib/config.ts
  - src/lib/encodings.ts
  - src/lib/http.ts
  - src/lib/is-plain-object.ts
  - src/lib/retries.ts
  - src/lib/schemas.ts
  - src/lib/sdks.ts
  - src/lib/security.ts
  - src/lib/url.ts
  - src/sdk/index.ts
  - src/models/errors/sdkerror.ts
  - src/models/errors/sdkvalidationerror.ts
  - src/types/blobs.ts
  - src/types/enums.ts
  - src/types/index.ts
  - src/types/operations.ts
  - src/types/rfcdate.ts
  - tsconfig.json
  - src/models/operations/fileextractstructureddatasync.ts
  - src/models/operations/fileextractstructureddatastart.ts
  - src/models/operations/fileextractstructureddataresult.ts
  - src/models/operations/fileextractmarkdownsync.ts
  - src/models/operations/fileextractmarkdownstart.ts
  - src/models/operations/fileextractmarkdownresult.ts
  - src/models/operations/fileextracttablessync.ts
  - src/models/operations/fileextracttablesstart.ts
  - src/models/operations/fileextracttablesresult.ts
  - src/models/operations/getjobs.ts
  - src/models/operations/createjob.ts
  - src/models/operations/getjob.ts
  - src/models/operations/deletejob.ts
  - src/models/operations/pausejob.ts
  - src/models/operations/resumejob.ts
  - src/models/operations/triggerjob.ts
  - src/models/operations/getjobruns.ts
  - src/models/operations/terminatejobrun.ts
  - src/models/operations/getqueues.ts
  - src/models/operations/createqueue.ts
  - src/models/operations/getqueue.ts
  - src/models/operations/deletequeue.ts
  - src/models/operations/appendqueueitem.ts
  - src/models/operations/getqueueitemresult.ts
  - src/models/operations/deletequeueitem.ts
  - src/models/operations/getrepeatitems.ts
  - src/models/operations/appendrepeatitem.ts
  - src/models/operations/getrepeatqueueitem.ts
  - src/models/operations/updaterepeatqueueitem.ts
  - src/models/operations/deleterepeatqueueitem.ts
  - src/models/operations/runapisync.ts
  - src/models/operations/runapistart.ts
  - src/models/operations/runapiresult.ts
  - src/models/operations/getauthsessions.ts
  - src/models/operations/getauthsession.ts
  - src/models/operations/deleteauthsession.ts
  - src/models/operations/createauthsessionstart.ts
  - src/models/operations/createauthsessionresult.ts
  - src/models/operations/createauthsessionresume.ts
  - src/models/components/structureddataextractionresponse.ts
  - src/models/components/httpmetadata.ts
  - src/models/components/extractstructureddatarequest.ts
  - src/models/components/file.ts
  - src/models/components/imagefile.ts
  - src/models/components/filesource.ts
  - src/models/components/fileurlsource.ts
  - src/models/components/filebase64source.ts
  - src/models/components/pdffile.ts
  - src/models/components/asyncfilependingresponse.ts
  - src/models/components/structureddataextractionasyncresponse.ts
  - src/models/components/asyncfailedresponse.ts
  - src/models/components/markdownextractionresponse.ts
  - src/models/components/generalextractrequest.ts
  - src/models/components/markdownextractionasyncresponse.ts
  - src/models/components/tableextractionresponse.ts
  - src/models/components/tableextractionasyncresponse.ts
  - src/models/components/job.ts
  - src/models/components/proxy.ts
  - src/models/components/authsession.ts
  - src/models/components/jobschedule.ts
  - src/models/components/jobcalendarvalue.ts
  - src/models/components/jobcalendarrange.ts
  - src/models/components/jobpayload.ts
  - src/models/components/jobsink.ts
  - src/models/components/jobconfiguration.ts
  - src/models/components/createjob.ts
  - src/models/components/jobinput.ts
  - src/models/components/deletejob.ts
  - src/models/components/pausejob.ts
  - src/models/components/resumejob.ts
  - src/models/components/triggerjob.ts
  - src/models/components/jobrun.ts
  - src/models/components/terminatejobrun.ts
  - src/models/components/queueinput.ts
  - src/models/components/queuesink.ts
  - src/models/components/queueconfiguration.ts
  - src/models/components/queueretry.ts
  - src/models/components/createqueue.ts
  - src/models/components/deletequeue.ts
  - src/models/components/addqueueitem.ts
  - src/models/components/queueitem.ts
  - src/models/components/queueitemresult.ts
  - src/models/components/deletequeueitem.ts
  - src/models/components/queuerepeatitem.ts
  - src/models/components/addqueuerepeatitem.ts
  - src/models/components/queuerepeatiteminput.ts
  - src/models/components/updatequeuerepeatitem.ts
  - src/models/components/deletequeuerepeatitem.ts
  - src/models/components/failedrunresult.ts
  - src/models/components/completedrunresult.ts
  - src/models/components/runprojectapirequest.ts
  - src/models/components/asyncrunpendingresponse.ts
  - src/models/components/asyncresultresponse.ts
  - src/models/components/asyncfilecompletedresponse.ts
  - src/models/components/asyncfilefailedresponse.ts
  - src/models/components/authsessioninfo.ts
  - src/models/components/deleteauthsession.ts
  - src/models/components/createauthsessionstart.ts
  - src/models/components/authsessioncreateresult.ts
  - src/models/components/authsessioncreatedoneresult.ts
  - src/models/components/authsessioncreatependingresult.ts
  - src/models/components/authsessioncreaterequestedmoreinforesult.ts
  - src/models/components/authsessioncreatefailedresult.ts
  - src/models/components/createauthsessionresume.ts
  - src/models/components/authsessioncreateresume.ts
  - src/models/components/security.ts
  - src/models/errors/apierrorinvalidinput.ts
  - src/models/errors/apierrorunauthorized.ts
  - src/models/errors/index.ts
  - src/models/operations/index.ts
  - src/models/components/index.ts
  - docs/models/operations/fileextractstructureddatasyncglobals.md
  - docs/models/operations/fileextractstructureddatasyncresponse.md
  - docs/models/operations/fileextractstructureddatastartglobals.md
  - docs/models/operations/fileextractstructureddatastartresponse.md
  - docs/models/operations/fileextractstructureddataresultglobals.md
  - docs/models/operations/fileextractstructureddataresultrequest.md
  - docs/models/operations/fileextractstructureddataresultresponse.md
  - docs/models/operations/fileextractmarkdownsyncglobals.md
  - docs/models/operations/fileextractmarkdownsyncresponse.md
  - docs/models/operations/fileextractmarkdownstartglobals.md
  - docs/models/operations/fileextractmarkdownstartresponse.md
  - docs/models/operations/fileextractmarkdownresultglobals.md
  - docs/models/operations/fileextractmarkdownresultrequest.md
  - docs/models/operations/fileextractmarkdownresultresponse.md
  - docs/models/operations/fileextracttablessyncglobals.md
  - docs/models/operations/fileextracttablessyncresponse.md
  - docs/models/operations/fileextracttablesstartglobals.md
  - docs/models/operations/fileextracttablesstartresponse.md
  - docs/models/operations/fileextracttablesresultglobals.md
  - docs/models/operations/fileextracttablesresultrequest.md
  - docs/models/operations/fileextracttablesresultresponse.md
  - docs/models/operations/getjobsglobals.md
  - docs/models/operations/getjobsrequest.md
  - docs/models/operations/getjobsresponse.md
  - docs/models/operations/createjobglobals.md
  - docs/models/operations/createjobrequest.md
  - docs/models/operations/createjobresponse.md
  - docs/models/operations/getjobglobals.md
  - docs/models/operations/getjobrequest.md
  - docs/models/operations/getjobresponse.md
  - docs/models/operations/deletejobglobals.md
  - docs/models/operations/deletejobrequest.md
  - docs/models/operations/deletejobresponse.md
  - docs/models/operations/pausejobglobals.md
  - docs/models/operations/pausejobrequest.md
  - docs/models/operations/pausejobresponse.md
  - docs/models/operations/resumejobglobals.md
  - docs/models/operations/resumejobrequest.md
  - docs/models/operations/resumejobresponse.md
  - docs/models/operations/triggerjobglobals.md
  - docs/models/operations/triggerjobrequest.md
  - docs/models/operations/triggerjobresponse.md
  - docs/models/operations/getjobrunsglobals.md
  - docs/models/operations/getjobrunsrequest.md
  - docs/models/operations/getjobrunsresponse.md
  - docs/models/operations/terminatejobrunglobals.md
  - docs/models/operations/terminatejobrunrequest.md
  - docs/models/operations/terminatejobrunresponse.md
  - docs/models/operations/getqueuesglobals.md
  - docs/models/operations/getqueuesrequest.md
  - docs/models/operations/getqueuesresponse.md
  - docs/models/operations/createqueueglobals.md
  - docs/models/operations/createqueuerequest.md
  - docs/models/operations/createqueueresponse.md
  - docs/models/operations/getqueueglobals.md
  - docs/models/operations/getqueuerequest.md
  - docs/models/operations/getqueueresponse.md
  - docs/models/operations/deletequeueglobals.md
  - docs/models/operations/deletequeuerequest.md
  - docs/models/operations/deletequeueresponse.md
  - docs/models/operations/appendqueueitemglobals.md
  - docs/models/operations/appendqueueitemrequest.md
  - docs/models/operations/appendqueueitemresponse.md
  - docs/models/operations/getqueueitemresultglobals.md
  - docs/models/operations/getqueueitemresultrequest.md
  - docs/models/operations/getqueueitemresultresponse.md
  - docs/models/operations/deletequeueitemglobals.md
  - docs/models/operations/deletequeueitemrequest.md
  - docs/models/operations/deletequeueitemresponse.md
  - docs/models/operations/getrepeatitemsglobals.md
  - docs/models/operations/getrepeatitemsrequest.md
  - docs/models/operations/getrepeatitemsresponse.md
  - docs/models/operations/appendrepeatitemglobals.md
  - docs/models/operations/appendrepeatitemrequest.md
  - docs/models/operations/appendrepeatitemresponse.md
  - docs/models/operations/getrepeatqueueitemglobals.md
  - docs/models/operations/getrepeatqueueitemrequest.md
  - docs/models/operations/getrepeatqueueitemresponse.md
  - docs/models/operations/updaterepeatqueueitemglobals.md
  - docs/models/operations/updaterepeatqueueitemrequest.md
  - docs/models/operations/updaterepeatqueueitemresponse.md
  - docs/models/operations/deleterepeatqueueitemglobals.md
  - docs/models/operations/deleterepeatqueueitemrequest.md
  - docs/models/operations/deleterepeatqueueitemresponse.md
  - docs/models/operations/runapisyncglobals.md
  - docs/models/operations/runapisyncrequest.md
  - docs/models/operations/runapisyncresponse.md
  - docs/models/operations/runapistartglobals.md
  - docs/models/operations/runapistartrequest.md
  - docs/models/operations/runapistartresponse.md
  - docs/models/operations/runapiresultglobals.md
  - docs/models/operations/runapiresultrequest.md
  - docs/models/operations/runapiresultresponse.md
  - docs/models/operations/getauthsessionsglobals.md
  - docs/models/operations/getauthsessionsrequest.md
  - docs/models/operations/getauthsessionsresponse.md
  - docs/models/operations/getauthsessionglobals.md
  - docs/models/operations/getauthsessionrequest.md
  - docs/models/operations/getauthsessionresponse.md
  - docs/models/operations/deleteauthsessionglobals.md
  - docs/models/operations/deleteauthsessionrequest.md
  - docs/models/operations/deleteauthsessionresponse.md
  - docs/models/operations/createauthsessionstartglobals.md
  - docs/models/operations/createauthsessionstartrequest.md
  - docs/models/operations/createauthsessionstartresponse.md
  - docs/models/operations/createauthsessionresultglobals.md
  - docs/models/operations/createauthsessionresultrequest.md
  - docs/models/operations/createauthsessionresultresponse.md
  - docs/models/operations/createauthsessionresumeglobals.md
  - docs/models/operations/createauthsessionresumerequest.md
  - docs/models/operations/createauthsessionresumeresponse.md
  - docs/models/components/structureddataextractionresponse.md
  - docs/models/components/httpmetadata.md
  - docs/models/components/extractstructureddatarequest.md
  - docs/models/components/filet.md
  - docs/models/components/type.md
  - docs/models/components/imagefile.md
  - docs/models/components/filesource.md
  - docs/models/components/fileurlsourcetype.md
  - docs/models/components/fileurlsource.md
  - docs/models/components/filebase64sourcetype.md
  - docs/models/components/filebase64source.md
  - docs/models/components/pdffiletype.md
  - docs/models/components/pdffile.md
  - docs/models/components/status.md
  - docs/models/components/asyncfilependingresponse.md
  - docs/models/components/structureddataextractionasyncresponsestatus.md
  - docs/models/components/structureddataextractionasyncresponse1.md
  - docs/models/components/structureddataextractionasyncresponse.md
  - docs/models/components/asyncfailedresponsestatus.md
  - docs/models/components/asyncfailedresponse.md
  - docs/models/components/markdownextractionresponse.md
  - docs/models/components/generalextractrequest.md
  - docs/models/components/markdownextractionasyncresponsestatus.md
  - docs/models/components/markdownextractionasyncresponse1.md
  - docs/models/components/markdownextractionasyncresponse.md
  - docs/models/components/result.md
  - docs/models/components/tableextractionresponse.md
  - docs/models/components/tableextractionasyncresponseresult.md
  - docs/models/components/tableextractionasyncresponsestatus.md
  - docs/models/components/tableextractionasyncresponse1.md
  - docs/models/components/tableextractionasyncresponse.md
  - docs/models/components/state.md
  - docs/models/components/job.md
  - docs/models/components/location.md
  - docs/models/components/proxy.md
  - docs/models/components/authsession.md
  - docs/models/components/every.md
  - docs/models/components/intervals.md
  - docs/models/components/calendars.md
  - docs/models/components/jobschedule.md
  - docs/models/components/jobcalendarvalue2.md
  - docs/models/components/jobcalendarvalue1.md
  - docs/models/components/jobcalendarvalue.md
  - docs/models/components/start.md
  - docs/models/components/end.md
  - docs/models/components/jobcalendarrange.md
  - docs/models/components/jobpayload.md
  - docs/models/components/jobsink2type.md
  - docs/models/components/jobsink2.md
  - docs/models/components/jobsinktype.md
  - docs/models/components/jobsink1.md
  - docs/models/components/jobsink.md
  - docs/models/components/runmode.md
  - docs/models/components/retry.md
  - docs/models/components/jobconfiguration.md
  - docs/models/components/message.md
  - docs/models/components/createjob.md
  - docs/models/components/jobinput.md
  - docs/models/components/deletejobmessage.md
  - docs/models/components/deletejob.md
  - docs/models/components/pausejobmessage.md
  - docs/models/components/pausejob.md
  - docs/models/components/resumejobmessage.md
  - docs/models/components/resumejob.md
  - docs/models/components/triggerjobmessage.md
  - docs/models/components/triggerjob.md
  - docs/models/components/jobrunstatus.md
  - docs/models/components/jobruntype.md
  - docs/models/components/jobrun.md
  - docs/models/components/terminatejobrunmessage.md
  - docs/models/components/terminatejobrun.md
  - docs/models/components/queueinput.md
  - docs/models/components/queuesinktype.md
  - docs/models/components/queuesink.md
  - docs/models/components/queueconfigurationrunmode.md
  - docs/models/components/ratelimits.md
  - docs/models/components/schedule.md
  - docs/models/components/two.md
  - docs/models/components/one.md
  - docs/models/components/randomwait.md
  - docs/models/components/queueconfiguration.md
  - docs/models/components/queueretry.md
  - docs/models/components/createqueue.md
  - docs/models/components/deletequeue.md
  - docs/models/components/addqueueitemstatus.md
  - docs/models/components/addqueueitem.md
  - docs/models/components/queueitem.md
  - docs/models/components/queueitemresult3status.md
  - docs/models/components/three.md
  - docs/models/components/queueitemresult2status.md
  - docs/models/components/queueitemresult2.md
  - docs/models/components/queueitemresultstatus.md
  - docs/models/components/queueitemresult1.md
  - docs/models/components/queueitemresult.md
  - docs/models/components/deletequeueitem.md
  - docs/models/components/queuerepeatitem.md
  - docs/models/components/addqueuerepeatitemstatus.md
  - docs/models/components/addqueuerepeatitem.md
  - docs/models/components/queuerepeatiteminput.md
  - docs/models/components/updatequeuerepeatitemmessage.md
  - docs/models/components/updatequeuerepeatitem.md
  - docs/models/components/deletequeuerepeatitem.md
  - docs/models/components/failedrunresult.md
  - docs/models/components/completedrunresult.md
  - docs/models/components/runprojectapirequestretry.md
  - docs/models/components/runprojectapirequest.md
  - docs/models/components/asyncrunpendingresponsestatus.md
  - docs/models/components/asyncrunpendingresponse.md
  - docs/models/components/asyncresultresponse.md
  - docs/models/components/asyncfilecompletedresponsestatus.md
  - docs/models/components/asyncfilecompletedresponse.md
  - docs/models/components/asyncfilefailedresponsestatus.md
  - docs/models/components/asyncfilefailedresponse.md
  - docs/models/components/authsessioninfo.md
  - docs/models/components/deleteauthsessionmessage.md
  - docs/models/components/deleteauthsession.md
  - docs/models/components/createauthsessionstartstatus.md
  - docs/models/components/createauthsessionstart.md
  - docs/models/components/authsessioncreateresult.md
  - docs/models/components/authsessioncreatedoneresultstatus.md
  - docs/models/components/authsessioncreatedoneresult.md
  - docs/models/components/authsessioncreatependingresultstatus.md
  - docs/models/components/authsessioncreatependingresult.md
  - docs/models/components/authsessioncreaterequestedmoreinforesultstatus.md
  - docs/models/components/detailsrequesttype.md
  - docs/models/components/detailsaction.md
  - docs/models/components/details2.md
  - docs/models/components/requesttype.md
  - docs/models/components/action.md
  - docs/models/components/details1.md
  - docs/models/components/details.md
  - docs/models/components/authsessioncreaterequestedmoreinforesult.md
  - docs/models/components/authsessioncreatefailedresultstatus.md
  - docs/models/components/authsessioncreatefailedresult.md
  - docs/models/components/createauthsessionresumeresult.md
  - docs/models/components/createauthsessionresume.md
  - docs/models/components/authsessioncreateresume.md
  - docs/models/components/security.md
  - docs/models/errors/apierrorinvalidinput.md
  - docs/models/errors/apierrorunauthorized.md
  - docs/sdks/intunedclient/README.md
  - docs/sdks/files/README.md
  - docs/sdks/extractstructureddata/README.md
  - docs/sdks/extractmarkdown/README.md
  - docs/sdks/extracttables/README.md
  - docs/sdks/project/README.md
  - docs/sdks/jobs/README.md
  - docs/sdks/runs/README.md
  - docs/sdks/queues/README.md
  - docs/sdks/items/README.md
  - docs/sdks/repeatitems/README.md
  - docs/sdks/run/README.md
  - docs/sdks/authsessions/README.md
  - docs/sdks/create/README.md
  - USAGE.md
  - .gitattributes
  - .devcontainer/README.md
  - .devcontainer/devcontainer.json
  - .devcontainer/setup.sh
  - src/hooks/hooks.ts
  - src/hooks/types.ts
  - src/hooks/index.ts
