lockVersion: 2.0.0
id: 47dbe124-c912-4a0e-add0-c2f6f79a46e0
management:
  docChecksum: 2ed3cff004bfcb2699300e3889eb028f
  docVersion: 0.0.1
  speakeasyVersion: 1.296.1
  generationVersion: 2.338.1
  releaseVersion: 0.2.6
  configChecksum: 2cc298d7fa1fab4c4ebca1a33ed2e530
features:
  typescript:
    additionalDependencies: 0.1.0
    constsAndDefaults: 0.1.5
    core: 3.9.9
    flattening: 2.81.1
    globalSecurity: 2.82.9
    globalSecurityCallbacks: 0.1.0
    globalSecurityFlattening: 0.1.0
    globalServerURLs: 2.82.4
    globals: 2.82.1
    hiddenGlobals: 0.1.0
    nullables: 0.1.0
    responseFormat: 0.2.3
    sdkHooks: 0.1.0
    unions: 2.85.5
generatedFiles:
  - src/sdk/jobs.ts
  - src/sdk/project.ts
  - src/sdk/files.ts
  - src/sdk/sdk.ts
  - .eslintrc.js
  - .npmignore
  - RUNTIMES.md
  - jsr.json
  - package.json
  - src/index.ts
  - src/lib/base64.ts
  - src/lib/config.ts
  - src/lib/encodings.ts
  - src/lib/http.ts
  - src/lib/is-plain-object.ts
  - src/lib/retries.ts
  - src/lib/schemas.ts
  - src/lib/sdks.ts
  - src/lib/security.ts
  - src/lib/url.ts
  - src/sdk/index.ts
  - src/models/errors/sdkerror.ts
  - src/models/errors/sdkvalidationerror.ts
  - src/types/blobs.ts
  - src/types/enums.ts
  - src/types/index.ts
  - src/types/operations.ts
  - src/types/rfcdate.ts
  - tsconfig.json
  - src/models/operations/getjobs.ts
  - src/models/operations/createjob.ts
  - src/models/operations/getjob.ts
  - src/models/operations/deletejob.ts
  - src/models/operations/pausejob.ts
  - src/models/operations/resumejob.ts
  - src/models/operations/triggerjob.ts
  - src/models/operations/getjobruns.ts
  - src/models/operations/terminatejobrun.ts
  - src/models/operations/extractstructureddata.ts
  - src/models/operations/extractmarkdown.ts
  - src/models/operations/extracttables.ts
  - src/models/operations/extractstructureddatastart.ts
  - src/models/operations/extractstructureddataresult.ts
  - src/models/operations/extractmarkdownstart.ts
  - src/models/operations/extractmarkdownresult.ts
  - src/models/operations/extracttablesstart.ts
  - src/models/operations/extracttablesresult.ts
  - src/models/components/job.ts
  - src/models/components/schedule.ts
  - src/models/components/interval.ts
  - src/models/components/payload.ts
  - src/models/components/sink.ts
  - src/models/components/configuration.ts
  - src/models/components/httpmetadata.ts
  - src/models/components/jobinput.ts
  - src/models/components/jobrun.ts
  - src/models/components/structureddataextractionresponse.ts
  - src/models/components/extractstructureddatarequest.ts
  - src/models/components/file.ts
  - src/models/components/imagefile.ts
  - src/models/components/filesource.ts
  - src/models/components/fileurlsource.ts
  - src/models/components/filebase64source.ts
  - src/models/components/pdffile.ts
  - src/models/components/markdownextractionresponse.ts
  - src/models/components/generalextractrequest.ts
  - src/models/components/tableextractionresponse.ts
  - src/models/components/asyncpendingresponse.ts
  - src/models/components/structureddataextractionasyncresponse.ts
  - src/models/components/asyncfailedresponse.ts
  - src/models/components/markdownextractionasyncresponse.ts
  - src/models/components/tableextractionasyncresponse.ts
  - src/models/components/security.ts
  - src/models/errors/apierrorinvalidinput.ts
  - src/models/errors/apierrorunauthorized.ts
  - src/models/errors/index.ts
  - src/models/operations/index.ts
  - src/models/components/index.ts
  - docs/models/operations/getjobsglobals.md
  - docs/models/operations/getjobsrequest.md
  - docs/models/operations/getjobsresponse.md
  - docs/models/operations/createjobglobals.md
  - docs/models/operations/createjobrequest.md
  - docs/models/operations/message.md
  - docs/models/operations/createjobresponsebody.md
  - docs/models/operations/createjobresponse.md
  - docs/models/operations/getjobglobals.md
  - docs/models/operations/getjobrequest.md
  - docs/models/operations/getjobresponse.md
  - docs/models/operations/deletejobglobals.md
  - docs/models/operations/deletejobrequest.md
  - docs/models/operations/deletejobmessage.md
  - docs/models/operations/deletejobresponsebody.md
  - docs/models/operations/deletejobresponse.md
  - docs/models/operations/pausejobglobals.md
  - docs/models/operations/pausejobrequest.md
  - docs/models/operations/pausejobmessage.md
  - docs/models/operations/pausejobresponsebody.md
  - docs/models/operations/pausejobresponse.md
  - docs/models/operations/resumejobglobals.md
  - docs/models/operations/resumejobrequest.md
  - docs/models/operations/resumejobmessage.md
  - docs/models/operations/resumejobresponsebody.md
  - docs/models/operations/resumejobresponse.md
  - docs/models/operations/triggerjobglobals.md
  - docs/models/operations/triggerjobrequest.md
  - docs/models/operations/triggerjobmessage.md
  - docs/models/operations/triggerjobresponsebody.md
  - docs/models/operations/triggerjobresponse.md
  - docs/models/operations/getjobrunsglobals.md
  - docs/models/operations/getjobrunsrequest.md
  - docs/models/operations/getjobrunsresponse.md
  - docs/models/operations/terminatejobrunglobals.md
  - docs/models/operations/terminatejobrunrequest.md
  - docs/models/operations/terminatejobrunmessage.md
  - docs/models/operations/terminatejobrunresponsebody.md
  - docs/models/operations/terminatejobrunresponse.md
  - docs/models/operations/extractstructureddataglobals.md
  - docs/models/operations/extractstructureddataresponse.md
  - docs/models/operations/extractmarkdownglobals.md
  - docs/models/operations/extractmarkdownresponse.md
  - docs/models/operations/extracttablesglobals.md
  - docs/models/operations/extracttablesresponse.md
  - docs/models/operations/extractstructureddatastartglobals.md
  - docs/models/operations/extractstructureddatastartresponse.md
  - docs/models/operations/extractstructureddataresultglobals.md
  - docs/models/operations/extractstructureddataresultrequest.md
  - docs/models/operations/extractstructureddataresultresponse.md
  - docs/models/operations/extractmarkdownstartglobals.md
  - docs/models/operations/extractmarkdownstartresponse.md
  - docs/models/operations/extractmarkdownresultglobals.md
  - docs/models/operations/extractmarkdownresultrequest.md
  - docs/models/operations/extractmarkdownresultresponse.md
  - docs/models/operations/extracttablesstartglobals.md
  - docs/models/operations/extracttablesstartresponse.md
  - docs/models/operations/extracttablesresultglobals.md
  - docs/models/operations/extracttablesresultrequest.md
  - docs/models/operations/extracttablesresultresponse.md
  - docs/models/components/identity.md
  - docs/models/components/proxy.md
  - docs/models/components/state.md
  - docs/models/components/job.md
  - docs/models/components/schedule.md
  - docs/models/components/interval.md
  - docs/models/components/payload.md
  - docs/models/components/sinktype.md
  - docs/models/components/two.md
  - docs/models/components/sink1type.md
  - docs/models/components/one.md
  - docs/models/components/sink.md
  - docs/models/components/runmode.md
  - docs/models/components/retry.md
  - docs/models/components/configuration.md
  - docs/models/components/httpmetadata.md
  - docs/models/components/jobinputidentity.md
  - docs/models/components/jobinputproxy.md
  - docs/models/components/jobinput.md
  - docs/models/components/status.md
  - docs/models/components/type.md
  - docs/models/components/jobrun.md
  - docs/models/components/structureddataextractionresponse.md
  - docs/models/components/extractstructureddatarequest.md
  - docs/models/components/filet.md
  - docs/models/components/imagefiletype.md
  - docs/models/components/imagefile.md
  - docs/models/components/filesource.md
  - docs/models/components/fileurlsourcetype.md
  - docs/models/components/fileurlsource.md
  - docs/models/components/filebase64sourcetype.md
  - docs/models/components/filebase64source.md
  - docs/models/components/pdffiletype.md
  - docs/models/components/pdffile.md
  - docs/models/components/markdownextractionresponse.md
  - docs/models/components/generalextractrequest.md
  - docs/models/components/result.md
  - docs/models/components/tableextractionresponse.md
  - docs/models/components/asyncpendingresponsestatus.md
  - docs/models/components/asyncpendingresponse.md
  - docs/models/components/structureddataextractionasyncresponsestatus.md
  - docs/models/components/structureddataextractionasyncresponse1.md
  - docs/models/components/structureddataextractionasyncresponse.md
  - docs/models/components/asyncfailedresponsestatus.md
  - docs/models/components/asyncfailedresponse.md
  - docs/models/components/markdownextractionasyncresponsestatus.md
  - docs/models/components/markdownextractionasyncresponse1.md
  - docs/models/components/markdownextractionasyncresponse.md
  - docs/models/components/tableextractionasyncresponseresult.md
  - docs/models/components/tableextractionasyncresponsestatus.md
  - docs/models/components/tableextractionasyncresponse1.md
  - docs/models/components/tableextractionasyncresponse.md
  - docs/models/components/security.md
  - docs/models/errors/apierrorinvalidinput.md
  - docs/models/errors/apierrorunauthorized.md
  - docs/sdks/intunedapisdk/README.md
  - docs/sdks/project/README.md
  - docs/sdks/jobs/README.md
  - docs/sdks/files/README.md
  - USAGE.md
  - .gitattributes
  - src/hooks/hooks.ts
  - src/hooks/types.ts
  - src/hooks/index.ts
