lockVersion: 2.0.0
id: 47dbe124-c912-4a0e-add0-c2f6f79a46e0
management:
  docChecksum: 80eade21889fe720b2631b7ef98607e7
  docVersion: 0.0.2
  speakeasyVersion: 1.607.1
  generationVersion: 2.690.1
  releaseVersion: 0.4.0
  configChecksum: bff5d56b14d43c744b42aba787e752d4
  published: true
features:
  typescript:
    additionalDependencies: 0.1.0
    constsAndDefaults: 0.1.12
    core: 3.21.21
    defaultEnabledRetries: 0.1.0
    devContainers: 2.90.0
    enumUnions: 0.1.0
    envVarSecurityUsage: 0.1.2
    flattening: 2.82.1
    globalSecurity: 2.82.13
    globalSecurityCallbacks: 0.1.0
    globalSecurityFlattening: 0.1.0
    globalServerURLs: 2.82.5
    globals: 2.82.2
    hiddenGlobals: 0.1.0
    nameOverrides: 2.81.2
    nullables: 0.1.1
    responseFormat: 0.2.3
    retries: 2.83.0
    sdkHooks: 0.3.0
    unions: 2.85.11
generatedFiles:
  - .devcontainer/README.md
  - .devcontainer/devcontainer.json
  - .devcontainer/setup.sh
  - .gitattributes
  - .npmignore
  - FUNCTIONS.md
  - RUNTIMES.md
  - USAGE.md
  - docs/lib/utils/retryconfig.md
  - docs/models/components/security.md
  - docs/models/errors/category.md
  - docs/models/errors/code.md
  - docs/models/errors/createjobcategory.md
  - docs/models/errors/createjobcode.md
  - docs/models/errors/createjobprojectjobscategory.md
  - docs/models/errors/createjobprojectjobscode.md
  - docs/models/errors/createjobprojectjobsresponsebody.md
  - docs/models/errors/createjobprojectjobsresponsecategory.md
  - docs/models/errors/createjobprojectjobsresponsecode.md
  - docs/models/errors/createjobprojectjobsresponseresponsebody.md
  - docs/models/errors/createjobresponsebody.md
  - docs/models/errors/getjobruncategory.md
  - docs/models/errors/getjobruncode.md
  - docs/models/errors/getjobrunprojectjobsrunscategory.md
  - docs/models/errors/getjobrunprojectjobsrunscode.md
  - docs/models/errors/getjobrunprojectjobsrunsresponsebody.md
  - docs/models/errors/getjobrunprojectjobsrunsresponsecategory.md
  - docs/models/errors/getjobrunprojectjobsrunsresponsecode.md
  - docs/models/errors/getjobrunprojectjobsrunsresponseresponsebody.md
  - docs/models/errors/getjobrunresponsebody.md
  - docs/models/errors/getjobrunscategory.md
  - docs/models/errors/getjobrunscode.md
  - docs/models/errors/getjobrunsprojectjobsrunscategory.md
  - docs/models/errors/getjobrunsprojectjobsrunscode.md
  - docs/models/errors/getjobrunsprojectjobsrunsresponsebody.md
  - docs/models/errors/getjobrunsprojectjobsrunsresponsecategory.md
  - docs/models/errors/getjobrunsprojectjobsrunsresponsecode.md
  - docs/models/errors/getjobrunsprojectjobsrunsresponseresponsebody.md
  - docs/models/errors/getjobrunsresponsebody.md
  - docs/models/errors/getjobscategory.md
  - docs/models/errors/getjobscode.md
  - docs/models/errors/getjobsprojectjobscategory.md
  - docs/models/errors/getjobsprojectjobscode.md
  - docs/models/errors/getjobsprojectjobsresponsebody.md
  - docs/models/errors/getjobsprojectjobsresponseresponsebody.md
  - docs/models/errors/getjobsresponsebody.md
  - docs/models/errors/pausejobcategory.md
  - docs/models/errors/pausejobcode.md
  - docs/models/errors/pausejobprojectjobscategory.md
  - docs/models/errors/pausejobprojectjobscode.md
  - docs/models/errors/pausejobprojectjobsresponsebody.md
  - docs/models/errors/pausejobprojectjobsresponsecategory.md
  - docs/models/errors/pausejobprojectjobsresponsecode.md
  - docs/models/errors/pausejobprojectjobsresponseresponsebody.md
  - docs/models/errors/pausejobresponsebody.md
  - docs/models/errors/resumejobcategory.md
  - docs/models/errors/resumejobcode.md
  - docs/models/errors/resumejobprojectjobscategory.md
  - docs/models/errors/resumejobprojectjobscode.md
  - docs/models/errors/resumejobprojectjobsresponsebody.md
  - docs/models/errors/resumejobprojectjobsresponsecategory.md
  - docs/models/errors/resumejobprojectjobsresponsecode.md
  - docs/models/errors/resumejobprojectjobsresponseresponsebody.md
  - docs/models/errors/resumejobresponsebody.md
  - docs/models/errors/terminatejobruncategory.md
  - docs/models/errors/terminatejobruncode.md
  - docs/models/errors/terminatejobrunprojectjobsrunscategory.md
  - docs/models/errors/terminatejobrunprojectjobsrunscode.md
  - docs/models/errors/terminatejobrunprojectjobsrunsresponsebody.md
  - docs/models/errors/terminatejobrunresponsebody.md
  - docs/models/errors/triggerjobcategory.md
  - docs/models/errors/triggerjobcode.md
  - docs/models/errors/triggerjobprojectjobscategory.md
  - docs/models/errors/triggerjobprojectjobscode.md
  - docs/models/errors/triggerjobprojectjobsresponsebody.md
  - docs/models/errors/triggerjobprojectjobsresponsecategory.md
  - docs/models/errors/triggerjobprojectjobsresponsecode.md
  - docs/models/errors/triggerjobprojectjobsresponseresponsebody.md
  - docs/models/errors/triggerjobresponsebody.md
  - docs/models/operations/authsession.md
  - docs/models/operations/calendars.md
  - docs/models/operations/category.md
  - docs/models/operations/code.md
  - docs/models/operations/configuration.md
  - docs/models/operations/createauthsessionresultglobals.md
  - docs/models/operations/createauthsessionresultrequest.md
  - docs/models/operations/createauthsessionresultresponsebody.md
  - docs/models/operations/createauthsessionresultresponsebodyprojectauthsessionscreateresponse200status.md
  - docs/models/operations/createauthsessionresultresponsebodyprojectauthsessionscreateresponsestatus.md
  - docs/models/operations/createauthsessionresultresponsebodyprojectauthsessionscreatestatus.md
  - docs/models/operations/createauthsessionresultresponsebodystatus.md
  - docs/models/operations/createjob41.md
  - docs/models/operations/createjob42.md
  - docs/models/operations/createjob43.md
  - docs/models/operations/createjob4end.md
  - docs/models/operations/createjob4projectjobs2.md
  - docs/models/operations/createjob4projectjobs3.md
  - docs/models/operations/createjob4projectjobsend.md
  - docs/models/operations/createjob4projectjobsrequest2.md
  - docs/models/operations/createjob4projectjobsrequest3.md
  - docs/models/operations/createjob4projectjobsrequestend.md
  - docs/models/operations/createjob4projectjobsrequestrequestbody2.md
  - docs/models/operations/createjob4projectjobsrequestrequestbody3.md
  - docs/models/operations/createjob4projectjobsrequestrequestbodyschedule2.md
  - docs/models/operations/createjob4projectjobsrequestrequestbodyschedule3.md
  - docs/models/operations/createjob4projectjobsrequestrequestbodyschedulecalendars2.md
  - docs/models/operations/createjob4projectjobsrequestrequestbodyschedulecalendars3.md
  - docs/models/operations/createjob4projectjobsrequeststart.md
  - docs/models/operations/createjob4projectjobsstart.md
  - docs/models/operations/createjob4start.md
  - docs/models/operations/createjobauthsession.md
  - docs/models/operations/createjobglobals.md
  - docs/models/operations/createjobmonthend.md
  - docs/models/operations/createjobmonthstart.md
  - docs/models/operations/createjobprojectjobsretry.md
  - docs/models/operations/createjobrequest.md
  - docs/models/operations/createjobrequestbody.md
  - docs/models/operations/createjobresponsebody.md
  - docs/models/operations/createjobretry.md
  - docs/models/operations/createjobsink.md
  - docs/models/operations/createjobsinkprojectjobstype.md
  - docs/models/operations/createjobsinktype.md
  - docs/models/operations/createorupdateauthsessionstartglobals.md
  - docs/models/operations/createorupdateauthsessionstartrequest.md
  - docs/models/operations/createorupdateauthsessionstartrequestbody.md
  - docs/models/operations/createorupdateauthsessionstartresponsebody.md
  - docs/models/operations/createorupdateauthsessionstartstatus.md
  - docs/models/operations/dayofmonth.md
  - docs/models/operations/dayofmonth2.md
  - docs/models/operations/dayofmonth3.md
  - docs/models/operations/dayofmonth4.md
  - docs/models/operations/dayofmonth5.md
  - docs/models/operations/dayofweek.md
  - docs/models/operations/dayofweek1.md
  - docs/models/operations/dayofweek2.md
  - docs/models/operations/dayofweek3.md
  - docs/models/operations/dayofweek4.md
  - docs/models/operations/dayofweek5.md
  - docs/models/operations/dayofweekend.md
  - docs/models/operations/dayofweekstart.md
  - docs/models/operations/deleteauthsessionglobals.md
  - docs/models/operations/deleteauthsessionrequest.md
  - docs/models/operations/end.md
  - docs/models/operations/errort.md
  - docs/models/operations/every.md
  - docs/models/operations/extendedpayloads.md
  - docs/models/operations/five.md
  - docs/models/operations/four.md
  - docs/models/operations/four1.md
  - docs/models/operations/four2.md
  - docs/models/operations/four3.md
  - docs/models/operations/fourend.md
  - docs/models/operations/fourstart.md
  - docs/models/operations/getauthsessionglobals.md
  - docs/models/operations/getauthsessionrequest.md
  - docs/models/operations/getauthsessionresponsebody.md
  - docs/models/operations/getauthsessionsglobals.md
  - docs/models/operations/getauthsessionsrequest.md
  - docs/models/operations/getauthsessionsstatus.md
  - docs/models/operations/getauthsessionstatus.md
  - docs/models/operations/getauthsessionstype.md
  - docs/models/operations/getauthsessiontype.md
  - docs/models/operations/getjobruncategory.md
  - docs/models/operations/getjobruncode.md
  - docs/models/operations/getjobrunerror.md
  - docs/models/operations/getjobrunglobals.md
  - docs/models/operations/getjobrunprojectjobsrunstype.md
  - docs/models/operations/getjobrunreason.md
  - docs/models/operations/getjobrunrequest.md
  - docs/models/operations/getjobrunresponsebody.md
  - docs/models/operations/getjobrunscategory.md
  - docs/models/operations/getjobrunscode.md
  - docs/models/operations/getjobrunserror.md
  - docs/models/operations/getjobrunsglobals.md
  - docs/models/operations/getjobrunsprojectjobsrunstype.md
  - docs/models/operations/getjobrunsreason.md
  - docs/models/operations/getjobrunsrequest.md
  - docs/models/operations/getjobrunsresponsebody.md
  - docs/models/operations/getjobrunsstatus.md
  - docs/models/operations/getjobrunstatus.md
  - docs/models/operations/getjobrunstype.md
  - docs/models/operations/getjobruntype.md
  - docs/models/operations/getjobs41.md
  - docs/models/operations/getjobs42.md
  - docs/models/operations/getjobs43.md
  - docs/models/operations/getjobs4end.md
  - docs/models/operations/getjobs4projectjobs1.md
  - docs/models/operations/getjobs4projectjobs2.md
  - docs/models/operations/getjobs4projectjobs3.md
  - docs/models/operations/getjobs4projectjobsend.md
  - docs/models/operations/getjobs4projectjobsresponse2.md
  - docs/models/operations/getjobs4projectjobsresponse2002.md
  - docs/models/operations/getjobs4projectjobsresponse2003.md
  - docs/models/operations/getjobs4projectjobsresponse200applicationjson2.md
  - docs/models/operations/getjobs4projectjobsresponse200applicationjson3.md
  - docs/models/operations/getjobs4projectjobsresponse200applicationjsonresponsebody2.md
  - docs/models/operations/getjobs4projectjobsresponse200applicationjsonresponsebody3.md
  - docs/models/operations/getjobs4projectjobsresponse200applicationjsonresponsebodyjobs2.md
  - docs/models/operations/getjobs4projectjobsresponse200applicationjsonresponsebodyjobs3.md
  - docs/models/operations/getjobs4projectjobsresponse200end.md
  - docs/models/operations/getjobs4projectjobsresponse200start.md
  - docs/models/operations/getjobs4projectjobsresponse3.md
  - docs/models/operations/getjobs4projectjobsresponseend.md
  - docs/models/operations/getjobs4projectjobsresponsestart.md
  - docs/models/operations/getjobs4projectjobsstart.md
  - docs/models/operations/getjobs4start.md
  - docs/models/operations/getjobsauthsession.md
  - docs/models/operations/getjobscalendars.md
  - docs/models/operations/getjobsconfiguration.md
  - docs/models/operations/getjobsdayofmonth.md
  - docs/models/operations/getjobsdayofmonth2.md
  - docs/models/operations/getjobsdayofmonth3.md
  - docs/models/operations/getjobsdayofmonth4.md
  - docs/models/operations/getjobsdayofmonth5.md
  - docs/models/operations/getjobsdayofweek.md
  - docs/models/operations/getjobsdayofweek1.md
  - docs/models/operations/getjobsdayofweek2.md
  - docs/models/operations/getjobsdayofweek3.md
  - docs/models/operations/getjobsdayofweek4.md
  - docs/models/operations/getjobsdayofweek5.md
  - docs/models/operations/getjobsdayofweekend.md
  - docs/models/operations/getjobsdayofweekprojectjobsend.md
  - docs/models/operations/getjobsdayofweekprojectjobsstart.md
  - docs/models/operations/getjobsdayofweekstart.md
  - docs/models/operations/getjobsevery.md
  - docs/models/operations/getjobsglobals.md
  - docs/models/operations/getjobshour.md
  - docs/models/operations/getjobshour2.md
  - docs/models/operations/getjobshour3.md
  - docs/models/operations/getjobshour4.md
  - docs/models/operations/getjobshour5.md
  - docs/models/operations/getjobsintervals.md
  - docs/models/operations/getjobsjitter.md
  - docs/models/operations/getjobsminute.md
  - docs/models/operations/getjobsminute2.md
  - docs/models/operations/getjobsminute3.md
  - docs/models/operations/getjobsminute4.md
  - docs/models/operations/getjobsminute5.md
  - docs/models/operations/getjobsmonth.md
  - docs/models/operations/getjobsmonth1.md
  - docs/models/operations/getjobsmonth2.md
  - docs/models/operations/getjobsmonth3.md
  - docs/models/operations/getjobsmonth4.md
  - docs/models/operations/getjobsmonth5.md
  - docs/models/operations/getjobsmonthend.md
  - docs/models/operations/getjobsmonthprojectjobsend.md
  - docs/models/operations/getjobsmonthprojectjobsstart.md
  - docs/models/operations/getjobsmonthstart.md
  - docs/models/operations/getjobspayload.md
  - docs/models/operations/getjobsprojectjobsretry.md
  - docs/models/operations/getjobsreason.md
  - docs/models/operations/getjobsrequest.md
  - docs/models/operations/getjobsresponsebody.md
  - docs/models/operations/getjobsretry.md
  - docs/models/operations/getjobsschedule.md
  - docs/models/operations/getjobssecond.md
  - docs/models/operations/getjobssecond2.md
  - docs/models/operations/getjobssink.md
  - docs/models/operations/getjobssinkprojectjobstype.md
  - docs/models/operations/getjobssinks3sinkconfiguration.md
  - docs/models/operations/getjobssinktype.md
  - docs/models/operations/getjobssinkwebhooksinkconfiguration.md
  - docs/models/operations/getjobstype.md
  - docs/models/operations/getjobsyear.md
  - docs/models/operations/getjobsyear2.md
  - docs/models/operations/getjobsyear3.md
  - docs/models/operations/getjobsyear4.md
  - docs/models/operations/getjobsyear5.md
  - docs/models/operations/hour.md
  - docs/models/operations/hour2.md
  - docs/models/operations/hour3.md
  - docs/models/operations/hour4.md
  - docs/models/operations/hour5.md
  - docs/models/operations/intervals.md
  - docs/models/operations/jitter.md
  - docs/models/operations/jobdbobjectschema.md
  - docs/models/operations/jobrun.md
  - docs/models/operations/jobruns.md
  - docs/models/operations/message.md
  - docs/models/operations/minute.md
  - docs/models/operations/minute2.md
  - docs/models/operations/minute3.md
  - docs/models/operations/minute4.md
  - docs/models/operations/minute5.md
  - docs/models/operations/month.md
  - docs/models/operations/month1.md
  - docs/models/operations/month2.md
  - docs/models/operations/month3.md
  - docs/models/operations/month4.md
  - docs/models/operations/month5.md
  - docs/models/operations/monthend.md
  - docs/models/operations/monthstart.md
  - docs/models/operations/one.md
  - docs/models/operations/pausejobglobals.md
  - docs/models/operations/pausejobmessage.md
  - docs/models/operations/pausejobrequest.md
  - docs/models/operations/pausejobresponsebody.md
  - docs/models/operations/payload.md
  - docs/models/operations/proxy.md
  - docs/models/operations/reason.md
  - docs/models/operations/responsebody.md
  - docs/models/operations/responsebody1.md
  - docs/models/operations/responsebody2.md
  - docs/models/operations/responsebody3.md
  - docs/models/operations/responsebody4.md
  - docs/models/operations/responsebody5.md
  - docs/models/operations/responsebodycategory.md
  - docs/models/operations/responsebodycode.md
  - docs/models/operations/responsebodyerror.md
  - docs/models/operations/responsebodyreason.md
  - docs/models/operations/responsebodystatus.md
  - docs/models/operations/responsebodytype.md
  - docs/models/operations/results.md
  - docs/models/operations/resumejobglobals.md
  - docs/models/operations/resumejobmessage.md
  - docs/models/operations/resumejobrequest.md
  - docs/models/operations/resumejobresponsebody.md
  - docs/models/operations/retry.md
  - docs/models/operations/runapiresultglobals.md
  - docs/models/operations/runapiresultrequest.md
  - docs/models/operations/runapiresultresponsebody.md
  - docs/models/operations/runapiresultstatus.md
  - docs/models/operations/runapiresulttype.md
  - docs/models/operations/runapistartglobals.md
  - docs/models/operations/runapistartrequest.md
  - docs/models/operations/runapistartrequestbody.md
  - docs/models/operations/runapistartresponsebody.md
  - docs/models/operations/s3sinkconfiguration.md
  - docs/models/operations/schedule.md
  - docs/models/operations/second.md
  - docs/models/operations/second2.md
  - docs/models/operations/second3.md
  - docs/models/operations/second4.md
  - docs/models/operations/second5.md
  - docs/models/operations/sink.md
  - docs/models/operations/sinks3sinkconfiguration.md
  - docs/models/operations/sinktype.md
  - docs/models/operations/sinkwebhooksinkconfiguration.md
  - docs/models/operations/start.md
  - docs/models/operations/startauthsessionrecorderglobals.md
  - docs/models/operations/startauthsessionrecorderrequest.md
  - docs/models/operations/startauthsessionrecorderrequestbody.md
  - docs/models/operations/startauthsessionrecorderresponsebody.md
  - docs/models/operations/state.md
  - docs/models/operations/status.md
  - docs/models/operations/terminatejobrunglobals.md
  - docs/models/operations/terminatejobrunrequest.md
  - docs/models/operations/terminatejobrunresponsebody.md
  - docs/models/operations/three.md
  - docs/models/operations/triggerjobglobals.md
  - docs/models/operations/triggerjobrequest.md
  - docs/models/operations/triggerjobresponsebody.md
  - docs/models/operations/two.md
  - docs/models/operations/type.md
  - docs/models/operations/updateauthsessionresultglobals.md
  - docs/models/operations/updateauthsessionresultrequest.md
  - docs/models/operations/updateauthsessionresultresponsebody.md
  - docs/models/operations/updateauthsessionresultresponsebody1.md
  - docs/models/operations/updateauthsessionresultresponsebody2.md
  - docs/models/operations/updateauthsessionresultresponsebody3.md
  - docs/models/operations/updateauthsessionresultresponsebody4.md
  - docs/models/operations/updateauthsessionresultresponsebody5.md
  - docs/models/operations/updateauthsessionresultresponsebodycategory.md
  - docs/models/operations/updateauthsessionresultresponsebodycode.md
  - docs/models/operations/updateauthsessionresultresponsebodyerror.md
  - docs/models/operations/updateauthsessionresultresponsebodyprojectauthsessionsupdateresponse200applicationjsonstatus.md
  - docs/models/operations/updateauthsessionresultresponsebodyprojectauthsessionsupdateresponse200status.md
  - docs/models/operations/updateauthsessionresultresponsebodyprojectauthsessionsupdateresponsestatus.md
  - docs/models/operations/updateauthsessionresultresponsebodyprojectauthsessionsupdatestatus.md
  - docs/models/operations/updateauthsessionresultresponsebodyreason.md
  - docs/models/operations/updateauthsessionresultresponsebodystatus.md
  - docs/models/operations/updateauthsessionresultresponsebodytype.md
  - docs/models/operations/updateauthsessionstartglobals.md
  - docs/models/operations/updateauthsessionstartrequest.md
  - docs/models/operations/updateauthsessionstartrequestbody.md
  - docs/models/operations/updateauthsessionstartresponsebody.md
  - docs/models/operations/updateauthsessionstartstatus.md
  - docs/models/operations/version.md
  - docs/models/operations/webhooksinkconfiguration.md
  - docs/models/operations/year.md
  - docs/models/operations/year2.md
  - docs/models/operations/year3.md
  - docs/models/operations/year4.md
  - docs/models/operations/year5.md
  - docs/sdks/authsessions/README.md
  - docs/sdks/create/README.md
  - docs/sdks/intunedclient/README.md
  - docs/sdks/jobs/README.md
  - docs/sdks/project/README.md
  - docs/sdks/recorder/README.md
  - docs/sdks/run/README.md
  - docs/sdks/runs/README.md
  - docs/sdks/update/README.md
  - eslint.config.mjs
  - examples/.env.template
  - examples/README.md
  - examples/package.json
  - examples/projectRunStart.example.ts
  - jsr.json
  - package.json
  - src/core.ts
  - src/funcs/projectAuthSessionsAll.ts
  - src/funcs/projectAuthSessionsCreateResult.ts
  - src/funcs/projectAuthSessionsCreateStart.ts
  - src/funcs/projectAuthSessionsDelete.ts
  - src/funcs/projectAuthSessionsOne.ts
  - src/funcs/projectAuthSessionsRecorderStart.ts
  - src/funcs/projectAuthSessionsUpdateResult.ts
  - src/funcs/projectAuthSessionsUpdateStart.ts
  - src/funcs/projectJobsAll.ts
  - src/funcs/projectJobsCreate.ts
  - src/funcs/projectJobsPause.ts
  - src/funcs/projectJobsResume.ts
  - src/funcs/projectJobsRunsAll.ts
  - src/funcs/projectJobsRunsOne.ts
  - src/funcs/projectJobsRunsTerminate.ts
  - src/funcs/projectJobsTrigger.ts
  - src/funcs/projectRunResult.ts
  - src/funcs/projectRunStart.ts
  - src/hooks/hooks.ts
  - src/hooks/index.ts
  - src/hooks/types.ts
  - src/index.ts
  - src/lib/base64.ts
  - src/lib/config.ts
  - src/lib/dlv.ts
  - src/lib/encodings.ts
  - src/lib/files.ts
  - src/lib/http.ts
  - src/lib/is-plain-object.ts
  - src/lib/logger.ts
  - src/lib/matchers.ts
  - src/lib/primitives.ts
  - src/lib/retries.ts
  - src/lib/schemas.ts
  - src/lib/sdks.ts
  - src/lib/security.ts
  - src/lib/url.ts
  - src/models/components/index.ts
  - src/models/components/security.ts
  - src/models/errors/createjob.ts
  - src/models/errors/getjobrun.ts
  - src/models/errors/getjobruns.ts
  - src/models/errors/getjobs.ts
  - src/models/errors/httpclienterrors.ts
  - src/models/errors/index.ts
  - src/models/errors/intunedclienterror.ts
  - src/models/errors/pausejob.ts
  - src/models/errors/responsevalidationerror.ts
  - src/models/errors/resumejob.ts
  - src/models/errors/sdkerror.ts
  - src/models/errors/sdkvalidationerror.ts
  - src/models/errors/terminatejobrun.ts
  - src/models/errors/triggerjob.ts
  - src/models/operations/createauthsessionresult.ts
  - src/models/operations/createjob.ts
  - src/models/operations/createorupdateauthsessionstart.ts
  - src/models/operations/deleteauthsession.ts
  - src/models/operations/getauthsession.ts
  - src/models/operations/getauthsessions.ts
  - src/models/operations/getjobrun.ts
  - src/models/operations/getjobruns.ts
  - src/models/operations/getjobs.ts
  - src/models/operations/index.ts
  - src/models/operations/pausejob.ts
  - src/models/operations/resumejob.ts
  - src/models/operations/runapiresult.ts
  - src/models/operations/runapistart.ts
  - src/models/operations/startauthsessionrecorder.ts
  - src/models/operations/terminatejobrun.ts
  - src/models/operations/triggerjob.ts
  - src/models/operations/updateauthsessionresult.ts
  - src/models/operations/updateauthsessionstart.ts
  - src/sdk/authsessions.ts
  - src/sdk/create.ts
  - src/sdk/index.ts
  - src/sdk/jobs.ts
  - src/sdk/project.ts
  - src/sdk/recorder.ts
  - src/sdk/run.ts
  - src/sdk/runs.ts
  - src/sdk/sdk.ts
  - src/sdk/update.ts
  - src/types/async.ts
  - src/types/blobs.ts
  - src/types/constdatetime.ts
  - src/types/enums.ts
  - src/types/fp.ts
  - src/types/index.ts
  - src/types/operations.ts
  - src/types/rfcdate.ts
  - src/types/streams.ts
  - tsconfig.json
examples:
  runApiStart:
    speakeasy-default-run-api-start:
      parameters:
        path:
          workspaceId: "123e4567-e89b-12d3-a456-426614174000"
          projectName: "my-project"
      requestBody:
        application/json: {"parameters": {"param1": "value1", "param2": 42, "param3": true}, "proxy": "http://username:password@domain:port", "saveTrace": true, "requestTimeout": 600, "retry": {"maximumAttempts": 3}, "authSession": {"autoRecreate": true, "checkAttempts": 3, "createAttempts": 3, "proxy": "http://username:password@domain:port", "requestTimeout": 600, "runtimeInput": {"username": "user", "password": "pass"}}, "sink": {"type": "webhook", "url": "https://example.com/webhook", "headers": {"Content-Type": "application/json", "Authorization": "Bearer token"}, "skipOnFail": false, "apisToSend": ["api1", "api2"]}, "api": "<value>"}
      responses:
        "200":
          application/json: {"runId": "<id>", "status": "pending"}
  runApiResult:
    speakeasy-default-run-api-result:
      parameters:
        path:
          workspaceId: "123e4567-e89b-12d3-a456-426614174000"
          projectName: "my-project"
          runId: "aabbccddeeffggh"
      responses:
        "200":
          application/json: {"runId": "<id>", "status": "completed", "extendedPayloads": [{"api": "<value>", "parameters": {"param1": "value1", "param2": 42, "param3": true}}], "error": {"message": "An error occurred while executing the run", "code": "script-process-crashed", "category": "infrastructure", "retirable": false, "doc_url": "https://docs.intunedhq.com/docs/support/errors#run-execution-error", "correlation_id": "123e4567-e89b-12d3-a456-426614174000"}, "reason": {"type": "failed-to-initialize-job-run", "message": "<value>", "doc_url": "https://docs.intunedhq.com/docs/support/reasons#terminated"}}
    completed:
      parameters:
        path:
          workspaceId: "123e4567-e89b-12d3-a456-426614174000"
          projectName: "my-project"
          runId: "aabbccddeeffggh"
      responses:
        "200":
          application/json: {"runId": "123", "status": "completed", "result": {"key1": "value1", "key2": 42}, "extendedPayloads": [{"api": "my-awesome-api", "runId": "123", "parameters": {"param1": "value1", "param2": 42}}]}
    failed:
      parameters:
        path:
          workspaceId: "123e4567-e89b-12d3-a456-426614174000"
          projectName: "my-project"
          runId: "aabbccddeeffggh"
      responses:
        "200":
          application/json: {"runId": "123", "status": "failed", "error": {"message": "All attempts to run the integration have failed.", "code": "all-attempts-failed", "category": "user", "retirable": false}}
    pending:
      parameters:
        path:
          workspaceId: "123e4567-e89b-12d3-a456-426614174000"
          projectName: "my-project"
          runId: "aabbccddeeffggh"
      responses:
        "200":
          application/json: {"runId": "123", "status": "pending"}
  getJobs:
    speakeasy-default-get-jobs:
      parameters:
        path:
          workspaceId: "123e4567-e89b-12d3-a456-426614174000"
          projectName: "my-project"
      responses:
        "200":
          application/json: {"jobs": []}
        "400":
          application/json: {"code": "bad-request", "category": "user", "message": "<value>", "retirable": false, "correlationId": "<id>"}
        "401":
          application/json: {"code": "unauthorized", "category": "user", "message": "<value>", "retirable": true, "correlationId": "<id>"}
        "404":
          application/json: {"code": "not-found", "category": "user", "message": "<value>", "retirable": true, "correlationId": "<id>"}
  createJob:
    speakeasy-default-create-job:
      parameters:
        path:
          workspaceId: "123e4567-e89b-12d3-a456-426614174000"
          projectName: "my-project"
      requestBody:
        application/json: {"id": "123e4567-e89b-12d3-a456-426614174000", "payload": [], "configuration": {"retry": {"maximumAttempts": 3}}, "sink": {"type": "s3", "bucket": "my-s3-bucket", "accessKeyId": "AKIAIOSFODNN7EXSSPLE", "secretAccessKey": "wJalrXUtnFFFI/K7MDENG/bPxRfiCYEXAMPLEKEY", "region": "us-west-2", "prefix": "my-prefix/", "skipOnFail": false, "apisToSend": ["api1", "api2"], "endpoint": "https://s3.custom-endpoint.com", "forcePathStyle": true}, "proxy": "http://username:password@proxy.example.com:8080", "auth_session": {"id": "<id>", "checkAttempts": 3, "createAttempts": 3}}
      responses:
        "201":
          application/json: {"id": "<id>", "message": "created"}
        "400":
          application/json: {"code": "bad-request", "category": "user", "message": "<value>", "retirable": true, "correlationId": "<id>"}
        "401":
          application/json: {"code": "unauthorized", "category": "user", "message": "<value>", "retirable": false, "correlationId": "<id>"}
        "404":
          application/json: {"code": "not-found", "category": "user", "message": "<value>", "retirable": false, "correlationId": "<id>"}
  pauseJob:
    speakeasy-default-pause-job:
      parameters:
        path:
          workspaceId: "123e4567-e89b-12d3-a456-426614174000"
          projectName: "my-project"
          jobId: "my-sample-job"
      responses:
        "200":
          application/json: {"message": "Paused"}
        "400":
          application/json: {"code": "bad-request", "category": "user", "message": "<value>", "retirable": true, "correlationId": "<id>"}
        "401":
          application/json: {"code": "unauthorized", "category": "user", "message": "<value>", "retirable": true, "correlationId": "<id>"}
        "404":
          application/json: {"code": "not-found", "category": "user", "message": "<value>", "retirable": true, "correlationId": "<id>"}
  resumeJob:
    speakeasy-default-resume-job:
      parameters:
        path:
          workspaceId: "123e4567-e89b-12d3-a456-426614174000"
          projectName: "my-project"
          jobId: "my-sample-job"
      responses:
        "200":
          application/json: {"message": "Resumed"}
        "400":
          application/json: {"code": "bad-request", "category": "user", "message": "<value>", "retirable": true, "correlationId": "<id>"}
        "401":
          application/json: {"code": "unauthorized", "category": "user", "message": "<value>", "retirable": false, "correlationId": "<id>"}
        "404":
          application/json: {"code": "not-found", "category": "user", "message": "<value>", "retirable": false, "correlationId": "<id>"}
  triggerJob:
    speakeasy-default-trigger-job:
      parameters:
        path:
          workspaceId: "123e4567-e89b-12d3-a456-426614174000"
          projectName: "my-project"
          jobId: "my-sample-job"
      responses:
        "200":
          application/json: {"jobRunId": "<id>", "message": "<value>"}
        "400":
          application/json: {"code": "bad-request", "category": "user", "message": "<value>", "retirable": true, "correlationId": "<id>"}
        "401":
          application/json: {"code": "unauthorized", "category": "user", "message": "<value>", "retirable": true, "correlationId": "<id>"}
        "404":
          application/json: {"code": "not-found", "category": "user", "message": "<value>", "retirable": false, "correlationId": "<id>"}
  getJobRuns:
    speakeasy-default-get-job-runs:
      parameters:
        path:
          workspaceId: "123e4567-e89b-12d3-a456-426614174000"
          projectName: "my-project"
          jobId: "my-sample-job"
        query:
          pageSize: "10"
          pageNumber: "0"
          sortBy: "start_time,desc/status,asc"
      responses:
        "200":
          application/json: {"jobRuns": [{"id": "123e4567-e89b-12d3-a456-426614174000", "start_time": "2024-01-01T00:00:00Z", "end_time": "2024-01-01T00:30:00Z", "workspace_id": "123e4567-e89b-12d3-a456-426614174000", "project_id": "123e4567-e89b-12d3-a456-426614174000", "job_id": "job-123e4567-e89b-12d3", "created_at": "2024-01-01T00:00:00Z", "updated_at": "2024-01-01T00:00:00Z", "type": "SCHEDULED", "status": "SUCCESS", "payloads": 100, "successful_runs": 95, "failed_runs": 5, "error": {"message": "An error occurred while executing the job", "code": "internal-server-error", "category": "billing", "correlationId": "123e4567-e89b-12d3-a456-426614174000", "retirable": false, "doc_url": "https://docs.intunedhq.com/docs/support/errors"}, "reason": {"type": "terminated", "message": "<value>", "doc_url": "https://docs.intunedhq.com/docs/support/reasons#no-valid-output-received"}}], "totalCount": 150}
        "400":
          application/json: {"code": "bad-request", "category": "user", "message": "<value>", "retirable": false, "correlationId": "<id>"}
        "401":
          application/json: {"code": "unauthorized", "category": "user", "message": "<value>", "retirable": false, "correlationId": "<id>"}
        "404":
          application/json: {"code": "not-found", "category": "user", "message": "<value>", "retirable": true, "correlationId": "<id>"}
  getJobRun:
    speakeasy-default-get-job-run:
      parameters:
        path:
          workspaceId: "123e4567-e89b-12d3-a456-426614174000"
          projectName: "my-project"
          jobId: "my-sample-job"
          jobRunId: "aaaaaaaa-bbbb-cccc-dddd-eeeeeeeeeeee"
      responses:
        "200":
          application/json: {"jobRun": {"id": "123e4567-e89b-12d3-a456-426614174000", "start_time": "2024-01-01T00:00:00Z", "end_time": "2024-01-01T00:30:00Z", "workspace_id": "123e4567-e89b-12d3-a456-426614174000", "project_id": "123e4567-e89b-12d3-a456-426614174000", "job_id": "job-123e4567-e89b-12d3", "created_at": "2024-01-01T00:00:00Z", "updated_at": "2024-01-01T00:00:00Z", "type": "SCHEDULED", "status": "SUCCESS", "payloads": 100, "successful_runs": 95, "failed_runs": 5, "error": {"message": "An error occurred while executing the job", "code": "internal-server-error", "category": "infrastructure", "correlationId": "123e4567-e89b-12d3-a456-426614174000", "retirable": false, "doc_url": "https://docs.intunedhq.com/docs/support/errors"}, "reason": {"type": "auth-session-invalid-mid-job", "message": "<value>", "doc_url": "https://docs.intunedhq.com/docs/support/reasons#no-valid-output-received"}}}
        "400":
          application/json: {"code": "bad-request", "category": "user", "message": "<value>", "retirable": false, "correlationId": "<id>"}
        "401":
          application/json: {"code": "unauthorized", "category": "user", "message": "<value>", "retirable": false, "correlationId": "<id>"}
        "404":
          application/json: {"code": "not-found", "category": "user", "message": "<value>", "retirable": true, "correlationId": "<id>"}
  terminateJobRun:
    speakeasy-default-terminate-job-run:
      parameters:
        path:
          workspaceId: "123e4567-e89b-12d3-a456-426614174000"
          projectName: "my-project"
          jobId: "my-sample-job"
          jobRunId: "aaaaaaaa-bbbb-cccc-dddd-eeeeeeeeeeee"
      responses:
        "200":
          application/json: {"message": "Job run terminated successfully"}
        "401":
          application/json: {"code": "unauthorized", "category": "user", "message": "<value>", "retirable": true, "correlationId": "<id>"}
        "404":
          application/json: {"code": "not-found", "category": "user", "message": "<value>", "retirable": false, "correlationId": "<id>"}
  getAuthSessions:
    speakeasy-default-get-auth-sessions:
      parameters:
        path:
          workspaceId: "123e4567-e89b-12d3-a456-426614174000"
          projectName: "my-project"
      responses:
        "200":
          application/json: [{"id": "auth-session-123", "type": "RUNTIME", "status": "EXPIRED"}]
    success:
      parameters:
        path:
          workspaceId: "123e4567-e89b-12d3-a456-426614174000"
          projectName: "my-project"
      responses:
        "200":
          application/json: [{"id": "auth-session-123", "type": "CREDENTIALS", "status": "READY"}, {"id": "auth-session-456", "type": "RUNTIME", "status": "PENDING"}]
  getAuthSession:
    speakeasy-default-get-auth-session:
      parameters:
        path:
          workspaceId: "123e4567-e89b-12d3-a456-426614174000"
          projectName: "my-project"
          authSessionId: "<id>"
      responses:
        "200":
          application/json: {"id": "auth-session-123", "type": "CREDENTIALS", "status": "EXPIRED"}
    success:
      parameters:
        path:
          workspaceId: "123e4567-e89b-12d3-a456-426614174000"
          projectName: "my-project"
          authSessionId: "<id>"
      responses:
        "200":
          application/json: {"id": "auth-session-123", "type": "CREDENTIALS", "status": "READY"}
  deleteAuthSession:
    speakeasy-default-delete-auth-session:
      parameters:
        path:
          workspaceId: "123e4567-e89b-12d3-a456-426614174000"
          projectName: "my-project"
          authSessionId: "<id>"
  CreateOrUpdateAuthSessionStart:
    speakeasy-default-create-or-update-auth-session-start:
      parameters:
        path:
          workspaceId: "123e4567-e89b-12d3-a456-426614174000"
          projectName: "my-project"
      requestBody:
        application/json: {"id": "auth-session-123", "parameters": {"param1": "value1", "param2": 42, "param3": true}, "proxy": "http://username:password@proxy.example.com:8080", "createAttempts": 3, "checkAttempts": 3, "saveTrace": true}
      responses:
        "201":
          application/json: {"status": "started", "operationId": "<id>"}
    started:
      parameters:
        path:
          workspaceId: "123e4567-e89b-12d3-a456-426614174000"
          projectName: "my-project"
      requestBody:
        application/json: {"id": "auth-session-123", "parameters": {"param1": "value1", "param2": 42, "param3": true}, "proxy": "http://username:password@proxy.example.com:8080", "createAttempts": 3, "checkAttempts": 3, "saveTrace": true}
      responses:
        "201":
          application/json: {"status": "started", "operationId": "aabbccddeeffggh"}
  createAuthSessionResult:
    speakeasy-default-create-auth-session-result:
      parameters:
        path:
          workspaceId: "123e4567-e89b-12d3-a456-426614174000"
          projectName: "my-project"
          operationId: "aaaabbbCCCCdddd"
      responses:
        "200":
          application/json: {"status": "failed", "message": "<value>", "error": {"message": "An error occurred while executing the run", "code": "script-process-crashed", "category": "user", "retirable": false, "doc_url": "https://docs.intunedhq.com/docs/support/errors#run-execution-error", "correlation_id": "123e4567-e89b-12d3-a456-426614174000"}}
    done:
      parameters:
        path:
          workspaceId: "123e4567-e89b-12d3-a456-426614174000"
          projectName: "my-project"
          operationId: "aaaabbbCCCCdddd"
      responses:
        "200":
          application/json: {"status": "done", "authSessionId": "auth-session-123"}
    pending:
      parameters:
        path:
          workspaceId: "123e4567-e89b-12d3-a456-426614174000"
          projectName: "my-project"
          operationId: "aaaabbbCCCCdddd"
      responses:
        "200":
          application/json: {"status": "pending"}
  UpdateAuthSessionStart:
    speakeasy-default-update-auth-session-start:
      parameters:
        path:
          workspaceId: "123e4567-e89b-12d3-a456-426614174000"
          projectName: "my-project"
          authSessionId: "<id>"
      requestBody:
        application/json: {"parameters": {"param1": "value1", "param2": 42, "param3": true}, "proxy": "http://username:password@proxy.example.com:8080", "createAttempts": 3, "checkAttempts": 3, "saveTrace": true}
      responses:
        "201":
          application/json: {"status": "started", "operationId": "<id>"}
    started:
      parameters:
        path:
          workspaceId: "123e4567-e89b-12d3-a456-426614174000"
          projectName: "my-project"
          authSessionId: "<id>"
      requestBody:
        application/json: {"parameters": {"param1": "value1", "param2": 42, "param3": true}, "proxy": "http://username:password@proxy.example.com:8080", "createAttempts": 3, "checkAttempts": 3, "saveTrace": true}
      responses:
        "201":
          application/json: {"status": "started", "operationId": "aabbccddeeffggh"}
  updateAuthSessionResult:
    speakeasy-default-update-auth-session-result:
      parameters:
        path:
          workspaceId: "123e4567-e89b-12d3-a456-426614174000"
          projectName: "my-project"
          authSessionId: "<id>"
          operationId: "aaaabbbCCCCdddd"
      responses:
        "200":
          application/json: {"status": "pending"}
    done:
      parameters:
        path:
          workspaceId: "123e4567-e89b-12d3-a456-426614174000"
          projectName: "my-project"
          authSessionId: "<id>"
          operationId: "aaaabbbCCCCdddd"
      responses:
        "200":
          application/json: {"status": "done", "authSessionId": "auth-session-123"}
    pending:
      parameters:
        path:
          workspaceId: "123e4567-e89b-12d3-a456-426614174000"
          projectName: "my-project"
          authSessionId: "<id>"
          operationId: "aaaabbbCCCCdddd"
      responses:
        "200":
          application/json: {"status": "pending"}
  startAuthSessionRecorder:
    speakeasy-default-start-auth-session-recorder:
      parameters:
        path:
          workspaceId: "123e4567-e89b-12d3-a456-426614174000"
          projectName: "my-project"
      requestBody:
        application/json: {"authSessionId": "auth-session-123"}
      responses:
        "201":
          application/json: {"recorder_url": "https://celebrated-tapioca.org/"}
    started:
      parameters:
        path:
          workspaceId: "123e4567-e89b-12d3-a456-426614174000"
          projectName: "my-project"
      requestBody:
        application/json: {"authSessionId": "auth-session-123"}
      responses:
        "201":
          application/json: {"recorder_url": "http://recorder.example.com/session/123"}
examplesVersion: 1.0.2
generatedTests: {}
