speakeasyVersion: 1.296.1
sources:
    intunedClientApi:
        sourceNamespace: intuned-client-api
        sourceRevisionDigest: sha256:439aaebcb334debb24c21b536675bb2c007bea508e9e3c244668e2cc5a1ddf9c
        sourceBlobDigest: sha256:46b8b5d2cfeb5697708d0358cd6e83a3c3a241a2ce9dad2882309152904228c0
        tags:
            - latest
targets:
    my-first-target:
        source: intunedClientApi
        sourceNamespace: intuned-client-api
        sourceRevisionDigest: sha256:439aaebcb334debb24c21b536675bb2c007bea508e9e3c244668e2cc5a1ddf9c
        sourceBlobDigest: sha256:46b8b5d2cfeb5697708d0358cd6e83a3c3a241a2ce9dad2882309152904228c0
        outLocation: /Users/faisal/src/intuned-api-sdk-typescript
    typescript-client-sdk:
        source: intunedClientApi
        sourceNamespace: intuned-client-api
        sourceRevisionDigest: sha256:9d655760c5f6e73d9afa01afa022e7671bd8abf0ebebdf68f7970b84d43b46db
        sourceBlobDigest: sha256:6dc36e0db5972b8c20bc754eabe50b6df2c20f3a156a12399ec332ca7a4924a1
        outLocation: /Users/faisal/src/intuned-api-sdk-typescript
workflow:
    workflowVersion: 1.0.0
    speakeasyVersion: latest
    sources:
        intunedClientApi:
            inputs:
                - location: ../docs/_resources/openapi/jobs.yaml
                - location: ../docs/_resources/openapi/queues.yaml
                - location: ../docs/_resources/openapi/files.yaml
                - location: ../docs/_resources/openapi/run.yaml
            registry:
                location: registry.speakeasyapi.dev/intuned/intuned/intuned-client-api
    targets:
        my-first-target:
            target: typescript
            source: intunedClientApi
            codeSamples:
                output: ../docs/_resources/openapi/generated/codeSamples.yaml
