speakeasyVersion: 1.639.3
sources:
    intunedClientApi:
        sourceNamespace: intuned-client-api
        sourceRevisionDigest: sha256:92b381aeebefa57c8ded7e6189a43e4481ab92e7246d5384686a936668c8edac
        sourceBlobDigest: sha256:ad3848dcd8c71c8084cbee89d2adf38764d18c7601727ca5f1ce29fbe238853f
        tags:
            - latest
            - 0.0.2
targets:
    my-first-target:
        source: intunedClientApi
        sourceNamespace: intuned-client-api
        sourceRevisionDigest: sha256:92b381aeebefa57c8ded7e6189a43e4481ab92e7246d5384686a936668c8edac
        sourceBlobDigest: sha256:ad3848dcd8c71c8084cbee89d2adf38764d18c7601727ca5f1ce29fbe238853f
        codeSamplesNamespace: intuned-client-api-typescript-code-samples
        codeSamplesRevisionDigest: sha256:dca23bc2421b3c674ee0984114567c2285f0135e4a71b98b2e78dc912243aad2
    typescript-client-sdk:
        source: intunedClientApi
        sourceNamespace: intuned-client-api
        sourceRevisionDigest: sha256:9d655760c5f6e73d9afa01afa022e7671bd8abf0ebebdf68f7970b84d43b46db
        sourceBlobDigest: sha256:6dc36e0db5972b8c20bc754eabe50b6df2c20f3a156a12399ec332ca7a4924a1
workflow:
    workflowVersion: 1.0.0
    speakeasyVersion: latest
    sources:
        intunedClientApi:
            inputs:
                - location: ../docs/_resources/openapi/all.yaml
            registry:
                location: registry.speakeasyapi.dev/intuned/intuned/intuned-client-api
    targets:
        my-first-target:
            target: typescript
            source: intunedClientApi
            codeSamples:
                output: ../docs/_resources/openapi/generated/codeSamples.yaml
                registry:
                    location: registry.speakeasyapi.dev/intuned/intuned/intuned-client-api-typescript-code-samples
