speakeasyVersion: 1.678.1
sources:
    intunedClientApi:
        sourceNamespace: intuned-client-api
        sourceRevisionDigest: sha256:0b14c407f9df51001681025fe49b7bf077f09186e889703390ba9f0244b30051
        sourceBlobDigest: sha256:50f9d22ea57a9cbf4cee1b06a03b5c3286d17e79b3cf59abc7479adcb04837f9
        tags:
            - latest
            - 0.0.2
targets:
    my-first-target:
        source: intunedClientApi
        sourceNamespace: intuned-client-api
        sourceRevisionDigest: sha256:0b14c407f9df51001681025fe49b7bf077f09186e889703390ba9f0244b30051
        sourceBlobDigest: sha256:50f9d22ea57a9cbf4cee1b06a03b5c3286d17e79b3cf59abc7479adcb04837f9
        codeSamplesNamespace: intuned-client-api-typescript-code-samples
        codeSamplesRevisionDigest: sha256:85d9edd318ea9ea500f108cba80d85451393937b0b1ef1d357b4d1d20ba7533c
    typescript-client-sdk:
        source: intunedClientApi
        sourceNamespace: intuned-client-api
        sourceRevisionDigest: sha256:9d655760c5f6e73d9afa01afa022e7671bd8abf0ebebdf68f7970b84d43b46db
        sourceBlobDigest: sha256:6dc36e0db5972b8c20bc754eabe50b6df2c20f3a156a12399ec332ca7a4924a1
workflow:
    workflowVersion: 1.0.0
    speakeasyVersion: latest
    sources:
        intunedClientApi:
            inputs:
                - location: ../docs/_resources/openapi/all.yaml
            registry:
                location: registry.speakeasyapi.dev/intuned/intuned/intuned-client-api
    targets:
        my-first-target:
            target: typescript
            source: intunedClientApi
            codeSamples:
                output: ../docs/_resources/openapi/generated/codeSamplesTypescript.yaml
                registry:
                    location: registry.speakeasyapi.dev/intuned/intuned/intuned-client-api-typescript-code-samples
